
Microsoft Visual Studio Solution File, Format Version 12.00
# Visual Studio Version 17
VisualStudioVersion = 17.3.32819.101
MinimumVisualStudioVersion = 10.0.40219.1
Project("{9A19103F-16F7-4668-BE54-9A1E7A4F7556}") = "Gallery.Wasm.Client", "Gallery.Wasm.Client\Gallery.Wasm.Client.csproj", "{E423D084-FB17-4D51-AEFF-771A45C74BFF}"
EndProject
Project("{9A19103F-16F7-4668-BE54-9A1E7A4F7556}") = "Gallery.Wasm", "Gallery.Wasm\Gallery.Wasm.csproj", "{FCCC2DFC-1819-4881-9F4A-10E26361DA95}"
EndProject
Project("{9A19103F-16F7-4668-BE54-9A1E7A4F7556}") = "Gallery.Wasm.Tests", "Gallery.Wasm.Tests\Gallery.Wasm.Tests.csproj", "{386A9ED6-F641-4306-A78B-6EB57EA5ABB9}"
EndProject
Global
	GlobalSection(SolutionConfigurationPlatforms) = preSolution
		Debug|Any CPU = Debug|Any CPU
		Release|Any CPU = Release|Any CPU
	EndGlobalSection
	GlobalSection(ProjectConfigurationPlatforms) = postSolution
		{E423D084-FB17-4D51-AEFF-771A45C74BFF}.Debug|Any CPU.ActiveCfg = Debug|Any CPU
		{E423D084-FB17-4D51-AEFF-771A45C74BFF}.Debug|Any CPU.Build.0 = Debug|Any CPU
		{E423D084-FB17-4D51-AEFF-771A45C74BFF}.Release|Any CPU.ActiveCfg = Release|Any CPU
		{E423D084-FB17-4D51-AEFF-771A45C74BFF}.Release|Any CPU.Build.0 = Release|Any CPU
		{FCCC2DFC-1819-4881-9F4A-10E26361DA95}.Debug|Any CPU.ActiveCfg = Debug|Any CPU
		{FCCC2DFC-1819-4881-9F4A-10E26361DA95}.Debug|Any CPU.Build.0 = Debug|Any CPU
		{FCCC2DFC-1819-4881-9F4A-10E26361DA95}.Release|Any CPU.ActiveCfg = Release|Any CPU
		{FCCC2DFC-1819-4881-9F4A-10E26361DA95}.Release|Any CPU.Build.0 = Release|Any CPU
		{386A9ED6-F641-4306-A78B-6EB57EA5ABB9}.Debug|Any CPU.ActiveCfg = Debug|Any CPU
		{386A9ED6-F641-4306-A78B-6EB57EA5ABB9}.Debug|Any CPU.Build.0 = Debug|Any CPU
		{386A9ED6-F641-4306-A78B-6EB57EA5ABB9}.Release|Any CPU.ActiveCfg = Release|Any CPU
		{386A9ED6-F641-4306-A78B-6EB57EA5ABB9}.Release|Any CPU.Build.0 = Release|Any CPU
	EndGlobalSection
	GlobalSection(SolutionProperties) = preSolution
		HideSolutionNode = FALSE
	EndGlobalSection
	GlobalSection(ExtensibilityGlobals) = postSolution
		SolutionGuid = {42CCBB05-D83D-411F-9353-34CE5A6E4721}
	EndGlobalSection
EndGlobal
